
Microsoft Visual Studio Solution File, Format Version 12.00
# Visual Studio Version 17
VisualStudioVersion = 17.6.33723.286
MinimumVisualStudioVersion = 10.0.40219.1
Project("{2150E333-8FDC-42A3-9474-1A3956D46DE8}") = "Solution Items", "Solution Items", "{11EC701A-8732-4231-B3C6-543D226959D5}"
	ProjectSection(SolutionItems) = preProject
		.editorconfig = .editorconfig
		Google.Solutions.IapDesktop.props = Google.Solutions.IapDesktop.props
		README.md = README.md
	EndProjectSection
EndProject
Project("{9A19103F-16F7-4668-BE54-9A1E7A4F7556}") = "Google.Solutions.Iap.Test", "Google.Solutions.Iap.Test\Google.Solutions.Iap.Test.csproj", "{9C1AA910-798A-4571-9266-7280A677FE9F}"
EndProject
Project("{9A19103F-16F7-4668-BE54-9A1E7A4F7556}") = "Google.Solutions.IapDesktop.Application", "Google.Solutions.IapDesktop.Application\Google.Solutions.IapDesktop.Application.csproj", "{842B003E-6EEB-429D-A3A1-53B4E642E83B}"
EndProject
Project("{9A19103F-16F7-4668-BE54-9A1E7A4F7556}") = "Google.Solutions.IapDesktop.Application.Test", "Google.Solutions.IapDesktop.Application.Test\Google.Solutions.IapDesktop.Application.Test.csproj", "{BD834B99-2AEE-4160-BC38-1821695D4174}"
EndProject
Project("{9A19103F-16F7-4668-BE54-9A1E7A4F7556}") = "Google.Solutions.IapDesktop", "Google.Solutions.IapDesktop\Google.Solutions.IapDesktop.csproj", "{274DA71A-6CD4-4E11-B3E9-1B39767039D5}"
EndProject
Project("{2150E333-8FDC-42A3-9474-1A3956D46DE8}") = "Base.Iap", "Base.Iap", "{7EFB4313-FCC0-4109-80EC-4AA017CC5D11}"
EndProject
Project("{2150E333-8FDC-42A3-9474-1A3956D46DE8}") = "IapDesktop", "IapDesktop", "{5206FD39-47A5-4E69-AA4F-94275A1A4791}"
EndProject
Project("{2150E333-8FDC-42A3-9474-1A3956D46DE8}") = "IapDesktop.Extensions.Management", "IapDesktop.Extensions.Management", "{06417FC0-CC28-4E03-8F61-02A55304F28B}"
EndProject
Project("{9A19103F-16F7-4668-BE54-9A1E7A4F7556}") = "Google.Solutions.IapDesktop.Extensions.Management", "Google.Solutions.IapDesktop.Extensions.Management\Google.Solutions.IapDesktop.Extensions.Management.csproj", "{B804D76C-E02E-4320-94A7-579034644AA0}"
EndProject
Project("{9A19103F-16F7-4668-BE54-9A1E7A4F7556}") = "Google.Solutions.IapDesktop.Extensions.Management.Test", "Google.Solutions.IapDesktop.Extensions.Management.Test\Google.Solutions.IapDesktop.Extensions.Management.Test.csproj", "{8C4F5833-C8B3-4A60-B401-7C4A3346BF59}"
EndProject
Project("{2150E333-8FDC-42A3-9474-1A3956D46DE8}") = "Installer", "Installer", "{78166023-068C-4F6B-B0AF-D9FB2D8FAB56}"
	ProjectSection(SolutionItems) = preProject
		build-installer.ps1 = build-installer.ps1
		build.ps1 = build.ps1
		clean.ps1 = clean.ps1
		installer\Product.wxs = installer\Product.wxs
	EndProjectSection
EndProject
Project("{2150E333-8FDC-42A3-9474-1A3956D46DE8}") = "Base.Common", "Base.Common", "{22C51D9C-CFD8-434C-85A0-8908C3046855}"
EndProject
Project("{9A19103F-16F7-4668-BE54-9A1E7A4F7556}") = "Google.Solutions.Common", "Google.Solutions.Common\Google.Solutions.Common.csproj", "{FB4C6F4D-32B1-4B0B-BA79-FD47FC4D7912}"
EndProject
Project("{9A19103F-16F7-4668-BE54-9A1E7A4F7556}") = "Google.Solutions.Common.Test", "Google.Solutions.Common.Test\Google.Solutions.Common.Test.csproj", "{AA8CD2FB-D463-42BD-A880-9247C93F9395}"
EndProject
Project("{9A19103F-16F7-4668-BE54-9A1E7A4F7556}") = "Google.Solutions.Iap", "Google.Solutions.Iap\Google.Solutions.Iap.csproj", "{D9493479-1751-402B-880F-60ED33EBB885}"
EndProject
Project("{2150E333-8FDC-42A3-9474-1A3956D46DE8}") = "IapDesktop.Extensions.Session", "IapDesktop.Extensions.Session", "{CEE34323-B85C-4F7C-AB73-17FE47C6B5DF}"
EndProject
Project("{9A19103F-16F7-4668-BE54-9A1E7A4F7556}") = "Google.Solutions.IapDesktop.Extensions.Session", "Google.Solutions.IapDesktop.Extensions.Session\Google.Solutions.IapDesktop.Extensions.Session.csproj", "{B5F53A65-1B67-4CA1-9AB0-A81799C0C215}"
EndProject
Project("{9A19103F-16F7-4668-BE54-9A1E7A4F7556}") = "Google.Solutions.IapDesktop.Extensions.Session.Test", "Google.Solutions.IapDesktop.Extensions.Session.Test\Google.Solutions.IapDesktop.Extensions.Session.Test.csproj", "{EF5D7227-BA6F-4DF7-A3B6-CD547C443AAB}"
EndProject
Project("{2150E333-8FDC-42A3-9474-1A3956D46DE8}") = "Base.Ssh", "Base.Ssh", "{E957A43B-A602-4629-AB83-3EEC0EF95C6B}"
EndProject
Project("{9A19103F-16F7-4668-BE54-9A1E7A4F7556}") = "Google.Solutions.Ssh", "Google.Solutions.Ssh\Google.Solutions.Ssh.csproj", "{3E4A828D-819B-40D2-89B3-47D5B52F67FB}"
EndProject
Project("{9A19103F-16F7-4668-BE54-9A1E7A4F7556}") = "Google.Solutions.Ssh.Test", "Google.Solutions.Ssh.Test\Google.Solutions.Ssh.Test.csproj", "{AEA98584-CCBF-4598-8457-6F5AE177B549}"
EndProject
Project("{2150E333-8FDC-42A3-9474-1A3956D46DE8}") = "Support", "Support", "{988570F5-42B1-4F90-99F8-C9B34E8F3158}"
EndProject
Project("{9A19103F-16F7-4668-BE54-9A1E7A4F7556}") = "Google.Solutions.Testing.Apis", "Google.Solutions.Testing.Apis\Google.Solutions.Testing.Apis.csproj", "{E72548F1-13AF-4888-8A5E-3D58B1B456AE}"
EndProject
Project("{9A19103F-16F7-4668-BE54-9A1E7A4F7556}") = "Google.Solutions.Testing.Application", "Google.Solutions.Testing.Application\Google.Solutions.Testing.Application.csproj", "{7BDC9ED7-1830-47D9-AF55-AB50C584E526}"
EndProject
Project("{2150E333-8FDC-42A3-9474-1A3956D46DE8}") = "Base.Mvvm", "Base.Mvvm", "{FD38EF3A-8510-488C-9197-54CCEE70C1B5}"
EndProject
Project("{9A19103F-16F7-4668-BE54-9A1E7A4F7556}") = "Google.Solutions.Mvvm.Test", "Google.Solutions.Mvvm.Test\Google.Solutions.Mvvm.Test.csproj", "{041C6D48-A573-415C-86C7-8E1B6033A305}"
EndProject
Project("{9A19103F-16F7-4668-BE54-9A1E7A4F7556}") = "Google.Solutions.Mvvm", "Google.Solutions.Mvvm\Google.Solutions.Mvvm.csproj", "{83571A48-14E9-4CB2-8D7E-C12DEEB967B7}"
EndProject
Project("{2150E333-8FDC-42A3-9474-1A3956D46DE8}") = "Base.Apis", "Base.Apis", "{C5AAFC8F-3228-4BE2-8479-7999737D1704}"
EndProject
Project("{9A19103F-16F7-4668-BE54-9A1E7A4F7556}") = "Google.Solutions.Apis", "Google.Solutions.Apis\Google.Solutions.Apis.csproj", "{790F1966-EB34-4CF2-8ED3-3E6C96CBA397}"
EndProject
Project("{9A19103F-16F7-4668-BE54-9A1E7A4F7556}") = "Google.Solutions.Apis.Test", "Google.Solutions.Apis.Test\Google.Solutions.Apis.Test.csproj", "{32084377-A9A4-4074-997A-15354DA10246}"
EndProject
Project("{2150E333-8FDC-42A3-9474-1A3956D46DE8}") = "Base", "Base", "{C9E3D652-543C-4AF8-9395-983C0D9CFCCC}"
EndProject
Project("{2150E333-8FDC-42A3-9474-1A3956D46DE8}") = "Base.Platform", "Base.Platform", "{45EDF961-0AF5-45B4-BD74-B02985D15103}"
EndProject
Project("{9A19103F-16F7-4668-BE54-9A1E7A4F7556}") = "Google.Solutions.Platform", "Google.Solutions.Platform\Google.Solutions.Platform.csproj", "{A74D041E-639F-4C53-A0C4-F8F936A980C8}"
EndProject
Project("{9A19103F-16F7-4668-BE54-9A1E7A4F7556}") = "Google.Solutions.Platform.Test", "Google.Solutions.Platform.Test\Google.Solutions.Platform.Test.csproj", "{6ECE0E83-D309-4A6D-9CB9-9A0B21DE52E3}"
EndProject
Project("{9A19103F-16F7-4668-BE54-9A1E7A4F7556}") = "Google.Solutions.IapDesktop.Extensions.Diagnostics", "Google.Solutions.IapDesktop.Extensions.Diagnostics\Google.Solutions.IapDesktop.Extensions.Diagnostics.csproj", "{010F4F95-3623-45E1-85A6-67958A1256DB}"
EndProject
Project("{9A19103F-16F7-4668-BE54-9A1E7A4F7556}") = "Google.Solutions.IapDesktop.Core", "Google.Solutions.IapDesktop.Core\Google.Solutions.IapDesktop.Core.csproj", "{FF0BB781-E398-4E13-8182-83450082A818}"
EndProject
Project("{9A19103F-16F7-4668-BE54-9A1E7A4F7556}") = "Google.Solutions.IapDesktop.Core.Test", "Google.Solutions.IapDesktop.Core.Test\Google.Solutions.IapDesktop.Core.Test.csproj", "{C34911A5-2B0D-44DB-98C4-97599B7C69F6}"
EndProject
Project("{2150E333-8FDC-42A3-9474-1A3956D46DE8}") = "IapDesktop.Extensions.Diagnostics", "IapDesktop.Extensions.Diagnostics", "{BAB4E69D-7A68-4E7A-89B6-C6C24A15F2E6}"
EndProject
Project("{2150E333-8FDC-42A3-9474-1A3956D46DE8}") = "IapDesktop.Extensions.Explorer", "IapDesktop.Extensions.Explorer", "{1EAE896D-0C01-4AEC-A1FD-DD085A357A21}"
EndProject
Project("{9A19103F-16F7-4668-BE54-9A1E7A4F7556}") = "Google.Solutions.IapDesktop.Extensions.Explorer", "Google.Solutions.IapDesktop.Extensions.Explorer\Google.Solutions.IapDesktop.Extensions.Explorer.csproj", "{FB77B355-799E-4EF6-A8FE-B68314FEDC43}"
EndProject
Project("{9A19103F-16F7-4668-BE54-9A1E7A4F7556}") = "Google.Solutions.IapDesktop.Extensions.Explorer.Test", "Google.Solutions.IapDesktop.Extensions.Explorer.Test\Google.Solutions.IapDesktop.Extensions.Explorer.Test.csproj", "{EFEB3D04-77D7-4902-B65A-675F03F4BBCA}"
EndProject
Project("{2150E333-8FDC-42A3-9474-1A3956D46DE8}") = "Base.Settings", "Base.Settings", "{DFBBC9E6-1429-42AF-8666-7688F12C71FC}"
EndProject
Project("{9A19103F-16F7-4668-BE54-9A1E7A4F7556}") = "Google.Solutions.Settings", "Google.Solutions.Settings\Google.Solutions.Settings.csproj", "{8764F2D9-8591-4BDD-A1FE-37F534402A7F}"
EndProject
Project("{9A19103F-16F7-4668-BE54-9A1E7A4F7556}") = "Google.Solutions.Settings.Test", "Google.Solutions.Settings.Test\Google.Solutions.Settings.Test.csproj", "{61A55C23-FB58-4C37-9FEB-8780FADA2538}"
EndProject
Project("{9A19103F-16F7-4668-BE54-9A1E7A4F7556}") = "Build", "Build\Build.csproj", "{C7BCDC87-7BA7-4A21-AFCB-522E415DE07E}"
EndProject
Global
	GlobalSection(SolutionConfigurationPlatforms) = preSolution
		Debug|x64 = Debug|x64
		Debug|x86 = Debug|x86
		Release|x64 = Release|x64
		Release|x86 = Release|x86
	EndGlobalSection
	GlobalSection(ProjectConfigurationPlatforms) = postSolution
		{9C1AA910-798A-4571-9266-7280A677FE9F}.Debug|x64.ActiveCfg = Debug|x64
		{9C1AA910-798A-4571-9266-7280A677FE9F}.Debug|x64.Build.0 = Debug|x64
		{9C1AA910-798A-4571-9266-7280A677FE9F}.Debug|x86.ActiveCfg = Debug|x86
		{9C1AA910-798A-4571-9266-7280A677FE9F}.Debug|x86.Build.0 = Debug|x86
		{9C1AA910-798A-4571-9266-7280A677FE9F}.Release|x64.ActiveCfg = Release|x64
		{9C1AA910-798A-4571-9266-7280A677FE9F}.Release|x64.Build.0 = Release|x64
		{9C1AA910-798A-4571-9266-7280A677FE9F}.Release|x86.ActiveCfg = Release|x86
		{9C1AA910-798A-4571-9266-7280A677FE9F}.Release|x86.Build.0 = Release|x86
		{842B003E-6EEB-429D-A3A1-53B4E642E83B}.Debug|x64.ActiveCfg = Debug|x64
		{842B003E-6EEB-429D-A3A1-53B4E642E83B}.Debug|x64.Build.0 = Debug|x64
		{842B003E-6EEB-429D-A3A1-53B4E642E83B}.Debug|x86.ActiveCfg = Debug|x86
		{842B003E-6EEB-429D-A3A1-53B4E642E83B}.Debug|x86.Build.0 = Debug|x86
		{842B003E-6EEB-429D-A3A1-53B4E642E83B}.Release|x64.ActiveCfg = Release|x64
		{842B003E-6EEB-429D-A3A1-53B4E642E83B}.Release|x64.Build.0 = Release|x64
		{842B003E-6EEB-429D-A3A1-53B4E642E83B}.Release|x86.ActiveCfg = Release|x86
		{842B003E-6EEB-429D-A3A1-53B4E642E83B}.Release|x86.Build.0 = Release|x86
		{BD834B99-2AEE-4160-BC38-1821695D4174}.Debug|x64.ActiveCfg = Debug|x64
		{BD834B99-2AEE-4160-BC38-1821695D4174}.Debug|x64.Build.0 = Debug|x64
		{BD834B99-2AEE-4160-BC38-1821695D4174}.Debug|x86.ActiveCfg = Debug|x86
		{BD834B99-2AEE-4160-BC38-1821695D4174}.Debug|x86.Build.0 = Debug|x86
		{BD834B99-2AEE-4160-BC38-1821695D4174}.Release|x64.ActiveCfg = Release|x64
		{BD834B99-2AEE-4160-BC38-1821695D4174}.Release|x64.Build.0 = Release|x64
		{BD834B99-2AEE-4160-BC38-1821695D4174}.Release|x86.ActiveCfg = Release|x86
		{BD834B99-2AEE-4160-BC38-1821695D4174}.Release|x86.Build.0 = Release|x86
		{274DA71A-6CD4-4E11-B3E9-1B39767039D5}.Debug|x64.ActiveCfg = Debug|x64
		{274DA71A-6CD4-4E11-B3E9-1B39767039D5}.Debug|x64.Build.0 = Debug|x64
		{274DA71A-6CD4-4E11-B3E9-1B39767039D5}.Debug|x86.ActiveCfg = Debug|x86
		{274DA71A-6CD4-4E11-B3E9-1B39767039D5}.Debug|x86.Build.0 = Debug|x86
		{274DA71A-6CD4-4E11-B3E9-1B39767039D5}.Release|x64.ActiveCfg = Release|x64
		{274DA71A-6CD4-4E11-B3E9-1B39767039D5}.Release|x64.Build.0 = Release|x64
		{274DA71A-6CD4-4E11-B3E9-1B39767039D5}.Release|x86.ActiveCfg = Release|x86
		{274DA71A-6CD4-4E11-B3E9-1B39767039D5}.Release|x86.Build.0 = Release|x86
		{B804D76C-E02E-4320-94A7-579034644AA0}.Debug|x64.ActiveCfg = Debug|x64
		{B804D76C-E02E-4320-94A7-579034644AA0}.Debug|x64.Build.0 = Debug|x64
		{B804D76C-E02E-4320-94A7-579034644AA0}.Debug|x86.ActiveCfg = Debug|x86
		{B804D76C-E02E-4320-94A7-579034644AA0}.Debug|x86.Build.0 = Debug|x86
		{B804D76C-E02E-4320-94A7-579034644AA0}.Release|x64.ActiveCfg = Release|x64
		{B804D76C-E02E-4320-94A7-579034644AA0}.Release|x64.Build.0 = Release|x64
		{B804D76C-E02E-4320-94A7-579034644AA0}.Release|x86.ActiveCfg = Release|x86
		{B804D76C-E02E-4320-94A7-579034644AA0}.Release|x86.Build.0 = Release|x86
		{8C4F5833-C8B3-4A60-B401-7C4A3346BF59}.Debug|x64.ActiveCfg = Debug|x64
		{8C4F5833-C8B3-4A60-B401-7C4A3346BF59}.Debug|x64.Build.0 = Debug|x64
		{8C4F5833-C8B3-4A60-B401-7C4A3346BF59}.Debug|x86.ActiveCfg = Debug|x86
		{8C4F5833-C8B3-4A60-B401-7C4A3346BF59}.Debug|x86.Build.0 = Debug|x86
		{8C4F5833-C8B3-4A60-B401-7C4A3346BF59}.Release|x64.ActiveCfg = Release|x64
		{8C4F5833-C8B3-4A60-B401-7C4A3346BF59}.Release|x64.Build.0 = Release|x64
		{8C4F5833-C8B3-4A60-B401-7C4A3346BF59}.Release|x86.ActiveCfg = Release|x86
		{8C4F5833-C8B3-4A60-B401-7C4A3346BF59}.Release|x86.Build.0 = Release|x86
		{FB4C6F4D-32B1-4B0B-BA79-FD47FC4D7912}.Debug|x64.ActiveCfg = Debug|x64
		{FB4C6F4D-32B1-4B0B-BA79-FD47FC4D7912}.Debug|x64.Build.0 = Debug|x64
		{FB4C6F4D-32B1-4B0B-BA79-FD47FC4D7912}.Debug|x86.ActiveCfg = Debug|x86
		{FB4C6F4D-32B1-4B0B-BA79-FD47FC4D7912}.Debug|x86.Build.0 = Debug|x86
		{FB4C6F4D-32B1-4B0B-BA79-FD47FC4D7912}.Release|x64.ActiveCfg = Release|x64
		{FB4C6F4D-32B1-4B0B-BA79-FD47FC4D7912}.Release|x64.Build.0 = Release|x64
		{FB4C6F4D-32B1-4B0B-BA79-FD47FC4D7912}.Release|x86.ActiveCfg = Release|x86
		{FB4C6F4D-32B1-4B0B-BA79-FD47FC4D7912}.Release|x86.Build.0 = Release|x86
		{AA8CD2FB-D463-42BD-A880-9247C93F9395}.Debug|x64.ActiveCfg = Debug|x64
		{AA8CD2FB-D463-42BD-A880-9247C93F9395}.Debug|x64.Build.0 = Debug|x64
		{AA8CD2FB-D463-42BD-A880-9247C93F9395}.Debug|x86.ActiveCfg = Debug|x86
		{AA8CD2FB-D463-42BD-A880-9247C93F9395}.Debug|x86.Build.0 = Debug|x86
		{AA8CD2FB-D463-42BD-A880-9247C93F9395}.Release|x64.ActiveCfg = Release|x64
		{AA8CD2FB-D463-42BD-A880-9247C93F9395}.Release|x64.Build.0 = Release|x64
		{AA8CD2FB-D463-42BD-A880-9247C93F9395}.Release|x86.ActiveCfg = Release|x86
		{AA8CD2FB-D463-42BD-A880-9247C93F9395}.Release|x86.Build.0 = Release|x86
		{D9493479-1751-402B-880F-60ED33EBB885}.Debug|x64.ActiveCfg = Debug|x64
		{D9493479-1751-402B-880F-60ED33EBB885}.Debug|x64.Build.0 = Debug|x64
		{D9493479-1751-402B-880F-60ED33EBB885}.Debug|x86.ActiveCfg = Debug|x86
		{D9493479-1751-402B-880F-60ED33EBB885}.Debug|x86.Build.0 = Debug|x86
		{D9493479-1751-402B-880F-60ED33EBB885}.Release|x64.ActiveCfg = Release|x64
		{D9493479-1751-402B-880F-60ED33EBB885}.Release|x64.Build.0 = Release|x64
		{D9493479-1751-402B-880F-60ED33EBB885}.Release|x86.ActiveCfg = Release|x86
		{D9493479-1751-402B-880F-60ED33EBB885}.Release|x86.Build.0 = Release|x86
		{B5F53A65-1B67-4CA1-9AB0-A81799C0C215}.Debug|x64.ActiveCfg = Debug|x64
		{B5F53A65-1B67-4CA1-9AB0-A81799C0C215}.Debug|x64.Build.0 = Debug|x64
		{B5F53A65-1B67-4CA1-9AB0-A81799C0C215}.Debug|x86.ActiveCfg = Debug|x86
		{B5F53A65-1B67-4CA1-9AB0-A81799C0C215}.Debug|x86.Build.0 = Debug|x86
		{B5F53A65-1B67-4CA1-9AB0-A81799C0C215}.Release|x64.ActiveCfg = Release|x64
		{B5F53A65-1B67-4CA1-9AB0-A81799C0C215}.Release|x64.Build.0 = Release|x64
		{B5F53A65-1B67-4CA1-9AB0-A81799C0C215}.Release|x86.ActiveCfg = Release|x86
		{B5F53A65-1B67-4CA1-9AB0-A81799C0C215}.Release|x86.Build.0 = Release|x86
		{EF5D7227-BA6F-4DF7-A3B6-CD547C443AAB}.Debug|x64.ActiveCfg = Debug|x64
		{EF5D7227-BA6F-4DF7-A3B6-CD547C443AAB}.Debug|x64.Build.0 = Debug|x64
		{EF5D7227-BA6F-4DF7-A3B6-CD547C443AAB}.Debug|x86.ActiveCfg = Debug|x86
		{EF5D7227-BA6F-4DF7-A3B6-CD547C443AAB}.Debug|x86.Build.0 = Debug|x86
		{EF5D7227-BA6F-4DF7-A3B6-CD547C443AAB}.Release|x64.ActiveCfg = Release|x64
		{EF5D7227-BA6F-4DF7-A3B6-CD547C443AAB}.Release|x64.Build.0 = Release|x64
		{EF5D7227-BA6F-4DF7-A3B6-CD547C443AAB}.Release|x86.ActiveCfg = Release|x86
		{EF5D7227-BA6F-4DF7-A3B6-CD547C443AAB}.Release|x86.Build.0 = Release|x86
		{3E4A828D-819B-40D2-89B3-47D5B52F67FB}.Debug|x64.ActiveCfg = Debug|x64
		{3E4A828D-819B-40D2-89B3-47D5B52F67FB}.Debug|x64.Build.0 = Debug|x64
		{3E4A828D-819B-40D2-89B3-47D5B52F67FB}.Debug|x86.ActiveCfg = Debug|x86
		{3E4A828D-819B-40D2-89B3-47D5B52F67FB}.Debug|x86.Build.0 = Debug|x86
		{3E4A828D-819B-40D2-89B3-47D5B52F67FB}.Release|x64.ActiveCfg = Release|x64
		{3E4A828D-819B-40D2-89B3-47D5B52F67FB}.Release|x64.Build.0 = Release|x64
		{3E4A828D-819B-40D2-89B3-47D5B52F67FB}.Release|x86.ActiveCfg = Release|x86
		{3E4A828D-819B-40D2-89B3-47D5B52F67FB}.Release|x86.Build.0 = Release|x86
		{AEA98584-CCBF-4598-8457-6F5AE177B549}.Debug|x64.ActiveCfg = Debug|x64
		{AEA98584-CCBF-4598-8457-6F5AE177B549}.Debug|x64.Build.0 = Debug|x64
		{AEA98584-CCBF-4598-8457-6F5AE177B549}.Debug|x86.ActiveCfg = Debug|x86
		{AEA98584-CCBF-4598-8457-6F5AE177B549}.Debug|x86.Build.0 = Debug|x86
		{AEA98584-CCBF-4598-8457-6F5AE177B549}.Release|x64.ActiveCfg = Release|x64
		{AEA98584-CCBF-4598-8457-6F5AE177B549}.Release|x64.Build.0 = Release|x64
		{AEA98584-CCBF-4598-8457-6F5AE177B549}.Release|x86.ActiveCfg = Release|x86
		{AEA98584-CCBF-4598-8457-6F5AE177B549}.Release|x86.Build.0 = Release|x86
		{E72548F1-13AF-4888-8A5E-3D58B1B456AE}.Debug|x64.ActiveCfg = Debug|x64
		{E72548F1-13AF-4888-8A5E-3D58B1B456AE}.Debug|x64.Build.0 = Debug|x64
		{E72548F1-13AF-4888-8A5E-3D58B1B456AE}.Debug|x86.ActiveCfg = Debug|x86
		{E72548F1-13AF-4888-8A5E-3D58B1B456AE}.Debug|x86.Build.0 = Debug|x86
		{E72548F1-13AF-4888-8A5E-3D58B1B456AE}.Release|x64.ActiveCfg = Release|x64
		{E72548F1-13AF-4888-8A5E-3D58B1B456AE}.Release|x64.Build.0 = Release|x64
		{E72548F1-13AF-4888-8A5E-3D58B1B456AE}.Release|x86.ActiveCfg = Release|x86
		{E72548F1-13AF-4888-8A5E-3D58B1B456AE}.Release|x86.Build.0 = Release|x86
		{7BDC9ED7-1830-47D9-AF55-AB50C584E526}.Debug|x64.ActiveCfg = Debug|x64
		{7BDC9ED7-1830-47D9-AF55-AB50C584E526}.Debug|x64.Build.0 = Debug|x64
		{7BDC9ED7-1830-47D9-AF55-AB50C584E526}.Debug|x86.ActiveCfg = Debug|x86
		{7BDC9ED7-1830-47D9-AF55-AB50C584E526}.Debug|x86.Build.0 = Debug|x86
		{7BDC9ED7-1830-47D9-AF55-AB50C584E526}.Release|x64.ActiveCfg = Release|x64
		{7BDC9ED7-1830-47D9-AF55-AB50C584E526}.Release|x64.Build.0 = Release|x64
		{7BDC9ED7-1830-47D9-AF55-AB50C584E526}.Release|x86.ActiveCfg = Release|x86
		{7BDC9ED7-1830-47D9-AF55-AB50C584E526}.Release|x86.Build.0 = Release|x86
		{041C6D48-A573-415C-86C7-8E1B6033A305}.Debug|x64.ActiveCfg = Debug|x64
		{041C6D48-A573-415C-86C7-8E1B6033A305}.Debug|x64.Build.0 = Debug|x64
		{041C6D48-A573-415C-86C7-8E1B6033A305}.Debug|x86.ActiveCfg = Debug|x86
		{041C6D48-A573-415C-86C7-8E1B6033A305}.Debug|x86.Build.0 = Debug|x86
		{041C6D48-A573-415C-86C7-8E1B6033A305}.Release|x64.ActiveCfg = Release|x64
		{041C6D48-A573-415C-86C7-8E1B6033A305}.Release|x64.Build.0 = Release|x64
		{041C6D48-A573-415C-86C7-8E1B6033A305}.Release|x86.ActiveCfg = Release|x86
		{041C6D48-A573-415C-86C7-8E1B6033A305}.Release|x86.Build.0 = Release|x86
		{83571A48-14E9-4CB2-8D7E-C12DEEB967B7}.Debug|x64.ActiveCfg = Debug|x64
		{83571A48-14E9-4CB2-8D7E-C12DEEB967B7}.Debug|x64.Build.0 = Debug|x64
		{83571A48-14E9-4CB2-8D7E-C12DEEB967B7}.Debug|x86.ActiveCfg = Debug|x86
		{83571A48-14E9-4CB2-8D7E-C12DEEB967B7}.Debug|x86.Build.0 = Debug|x86
		{83571A48-14E9-4CB2-8D7E-C12DEEB967B7}.Release|x64.ActiveCfg = Release|x64
		{83571A48-14E9-4CB2-8D7E-C12DEEB967B7}.Release|x64.Build.0 = Release|x64
		{83571A48-14E9-4CB2-8D7E-C12DEEB967B7}.Release|x86.ActiveCfg = Release|x86
		{83571A48-14E9-4CB2-8D7E-C12DEEB967B7}.Release|x86.Build.0 = Release|x86
		{790F1966-EB34-4CF2-8ED3-3E6C96CBA397}.Debug|x64.ActiveCfg = Debug|x64
		{790F1966-EB34-4CF2-8ED3-3E6C96CBA397}.Debug|x64.Build.0 = Debug|x64
		{790F1966-EB34-4CF2-8ED3-3E6C96CBA397}.Debug|x86.ActiveCfg = Debug|x86
		{790F1966-EB34-4CF2-8ED3-3E6C96CBA397}.Debug|x86.Build.0 = Debug|x86
		{790F1966-EB34-4CF2-8ED3-3E6C96CBA397}.Release|x64.ActiveCfg = Release|x64
		{790F1966-EB34-4CF2-8ED3-3E6C96CBA397}.Release|x64.Build.0 = Release|x64
		{790F1966-EB34-4CF2-8ED3-3E6C96CBA397}.Release|x86.ActiveCfg = Release|x86
		{790F1966-EB34-4CF2-8ED3-3E6C96CBA397}.Release|x86.Build.0 = Release|x86
		{32084377-A9A4-4074-997A-15354DA10246}.Debug|x64.ActiveCfg = Debug|x64
		{32084377-A9A4-4074-997A-15354DA10246}.Debug|x64.Build.0 = Debug|x64
		{32084377-A9A4-4074-997A-15354DA10246}.Debug|x86.ActiveCfg = Debug|x86
		{32084377-A9A4-4074-997A-15354DA10246}.Debug|x86.Build.0 = Debug|x86
		{32084377-A9A4-4074-997A-15354DA10246}.Release|x64.ActiveCfg = Release|x64
		{32084377-A9A4-4074-997A-15354DA10246}.Release|x64.Build.0 = Release|x64
		{32084377-A9A4-4074-997A-15354DA10246}.Release|x86.ActiveCfg = Release|x86
		{32084377-A9A4-4074-997A-15354DA10246}.Release|x86.Build.0 = Release|x86
		{A74D041E-639F-4C53-A0C4-F8F936A980C8}.Debug|x64.ActiveCfg = Debug|x64
		{A74D041E-639F-4C53-A0C4-F8F936A980C8}.Debug|x64.Build.0 = Debug|x64
		{A74D041E-639F-4C53-A0C4-F8F936A980C8}.Debug|x86.ActiveCfg = Debug|x86
		{A74D041E-639F-4C53-A0C4-F8F936A980C8}.Debug|x86.Build.0 = Debug|x86
		{A74D041E-639F-4C53-A0C4-F8F936A980C8}.Release|x64.ActiveCfg = Release|x64
		{A74D041E-639F-4C53-A0C4-F8F936A980C8}.Release|x64.Build.0 = Release|x64
		{A74D041E-639F-4C53-A0C4-F8F936A980C8}.Release|x86.ActiveCfg = Release|x86
		{A74D041E-639F-4C53-A0C4-F8F936A980C8}.Release|x86.Build.0 = Release|x86
		{6ECE0E83-D309-4A6D-9CB9-9A0B21DE52E3}.Debug|x64.ActiveCfg = Debug|x64
		{6ECE0E83-D309-4A6D-9CB9-9A0B21DE52E3}.Debug|x64.Build.0 = Debug|x64
		{6ECE0E83-D309-4A6D-9CB9-9A0B21DE52E3}.Debug|x86.ActiveCfg = Debug|x86
		{6ECE0E83-D309-4A6D-9CB9-9A0B21DE52E3}.Debug|x86.Build.0 = Debug|x86
		{6ECE0E83-D309-4A6D-9CB9-9A0B21DE52E3}.Release|x64.ActiveCfg = Release|x64
		{6ECE0E83-D309-4A6D-9CB9-9A0B21DE52E3}.Release|x64.Build.0 = Release|x64
		{6ECE0E83-D309-4A6D-9CB9-9A0B21DE52E3}.Release|x86.ActiveCfg = Release|x86
		{6ECE0E83-D309-4A6D-9CB9-9A0B21DE52E3}.Release|x86.Build.0 = Release|x86
		{010F4F95-3623-45E1-85A6-67958A1256DB}.Debug|x64.ActiveCfg = Debug|x64
		{010F4F95-3623-45E1-85A6-67958A1256DB}.Debug|x64.Build.0 = Debug|x64
		{010F4F95-3623-45E1-85A6-67958A1256DB}.Debug|x86.ActiveCfg = Debug|x86
		{010F4F95-3623-45E1-85A6-67958A1256DB}.Debug|x86.Build.0 = Debug|x86
		{010F4F95-3623-45E1-85A6-67958A1256DB}.Release|x64.ActiveCfg = Release|x64
		{010F4F95-3623-45E1-85A6-67958A1256DB}.Release|x64.Build.0 = Release|x64
		{010F4F95-3623-45E1-85A6-67958A1256DB}.Release|x86.ActiveCfg = Release|x86
		{010F4F95-3623-45E1-85A6-67958A1256DB}.Release|x86.Build.0 = Release|x86
		{FF0BB781-E398-4E13-8182-83450082A818}.Debug|x64.ActiveCfg = Debug|x64
		{FF0BB781-E398-4E13-8182-83450082A818}.Debug|x64.Build.0 = Debug|x64
		{FF0BB781-E398-4E13-8182-83450082A818}.Debug|x86.ActiveCfg = Debug|x86
		{FF0BB781-E398-4E13-8182-83450082A818}.Debug|x86.Build.0 = Debug|x86
		{FF0BB781-E398-4E13-8182-83450082A818}.Release|x64.ActiveCfg = Release|x64
		{FF0BB781-E398-4E13-8182-83450082A818}.Release|x64.Build.0 = Release|x64
		{FF0BB781-E398-4E13-8182-83450082A818}.Release|x86.ActiveCfg = Release|x86
		{FF0BB781-E398-4E13-8182-83450082A818}.Release|x86.Build.0 = Release|x86
		{C34911A5-2B0D-44DB-98C4-97599B7C69F6}.Debug|x64.ActiveCfg = Debug|x64
		{C34911A5-2B0D-44DB-98C4-97599B7C69F6}.Debug|x64.Build.0 = Debug|x64
		{C34911A5-2B0D-44DB-98C4-97599B7C69F6}.Debug|x86.ActiveCfg = Debug|x86
		{C34911A5-2B0D-44DB-98C4-97599B7C69F6}.Debug|x86.Build.0 = Debug|x86
		{C34911A5-2B0D-44DB-98C4-97599B7C69F6}.Release|x64.ActiveCfg = Release|x64
		{C34911A5-2B0D-44DB-98C4-97599B7C69F6}.Release|x64.Build.0 = Release|x64
		{C34911A5-2B0D-44DB-98C4-97599B7C69F6}.Release|x86.ActiveCfg = Release|x86
		{C34911A5-2B0D-44DB-98C4-97599B7C69F6}.Release|x86.Build.0 = Release|x86
		{FB77B355-799E-4EF6-A8FE-B68314FEDC43}.Debug|x64.ActiveCfg = Debug|x64
		{FB77B355-799E-4EF6-A8FE-B68314FEDC43}.Debug|x64.Build.0 = Debug|x64
		{FB77B355-799E-4EF6-A8FE-B68314FEDC43}.Debug|x86.ActiveCfg = Debug|x86
		{FB77B355-799E-4EF6-A8FE-B68314FEDC43}.Debug|x86.Build.0 = Debug|x86
		{FB77B355-799E-4EF6-A8FE-B68314FEDC43}.Release|x64.ActiveCfg = Release|x64
		{FB77B355-799E-4EF6-A8FE-B68314FEDC43}.Release|x64.Build.0 = Release|x64
		{FB77B355-799E-4EF6-A8FE-B68314FEDC43}.Release|x86.ActiveCfg = Release|x86
		{FB77B355-799E-4EF6-A8FE-B68314FEDC43}.Release|x86.Build.0 = Release|x86
		{EFEB3D04-77D7-4902-B65A-675F03F4BBCA}.Debug|x64.ActiveCfg = Debug|x64
		{EFEB3D04-77D7-4902-B65A-675F03F4BBCA}.Debug|x64.Build.0 = Debug|x64
		{EFEB3D04-77D7-4902-B65A-675F03F4BBCA}.Debug|x86.ActiveCfg = Debug|x86
		{EFEB3D04-77D7-4902-B65A-675F03F4BBCA}.Debug|x86.Build.0 = Debug|x86
		{EFEB3D04-77D7-4902-B65A-675F03F4BBCA}.Release|x64.ActiveCfg = Release|x64
		{EFEB3D04-77D7-4902-B65A-675F03F4BBCA}.Release|x64.Build.0 = Release|x64
		{EFEB3D04-77D7-4902-B65A-675F03F4BBCA}.Release|x86.ActiveCfg = Release|x86
		{EFEB3D04-77D7-4902-B65A-675F03F4BBCA}.Release|x86.Build.0 = Release|x86
		{8764F2D9-8591-4BDD-A1FE-37F534402A7F}.Debug|x64.ActiveCfg = Debug|x64
		{8764F2D9-8591-4BDD-A1FE-37F534402A7F}.Debug|x64.Build.0 = Debug|x64
		{8764F2D9-8591-4BDD-A1FE-37F534402A7F}.Debug|x86.ActiveCfg = Debug|x86
		{8764F2D9-8591-4BDD-A1FE-37F534402A7F}.Debug|x86.Build.0 = Debug|x86
		{8764F2D9-8591-4BDD-A1FE-37F534402A7F}.Release|x64.ActiveCfg = Release|x64
		{8764F2D9-8591-4BDD-A1FE-37F534402A7F}.Release|x64.Build.0 = Release|x64
		{8764F2D9-8591-4BDD-A1FE-37F534402A7F}.Release|x86.ActiveCfg = Release|x86
		{8764F2D9-8591-4BDD-A1FE-37F534402A7F}.Release|x86.Build.0 = Release|x86
		{61A55C23-FB58-4C37-9FEB-8780FADA2538}.Debug|x64.ActiveCfg = Debug|x64
		{61A55C23-FB58-4C37-9FEB-8780FADA2538}.Debug|x64.Build.0 = Debug|x64
		{61A55C23-FB58-4C37-9FEB-8780FADA2538}.Debug|x86.ActiveCfg = Debug|x86
		{61A55C23-FB58-4C37-9FEB-8780FADA2538}.Debug|x86.Build.0 = Debug|x86
		{61A55C23-FB58-4C37-9FEB-8780FADA2538}.Release|x64.ActiveCfg = Release|x64
		{61A55C23-FB58-4C37-9FEB-8780FADA2538}.Release|x64.Build.0 = Release|x64
		{61A55C23-FB58-4C37-9FEB-8780FADA2538}.Release|x86.ActiveCfg = Release|x86
		{61A55C23-FB58-4C37-9FEB-8780FADA2538}.Release|x86.Build.0 = Release|x86
		{C7BCDC87-7BA7-4A21-AFCB-522E415DE07E}.Debug|x64.ActiveCfg = Debug|Any CPU
		{C7BCDC87-7BA7-4A21-AFCB-522E415DE07E}.Debug|x64.Build.0 = Debug|Any CPU
		{C7BCDC87-7BA7-4A21-AFCB-522E415DE07E}.Debug|x86.ActiveCfg = Debug|x86
		{C7BCDC87-7BA7-4A21-AFCB-522E415DE07E}.Debug|x86.Build.0 = Debug|x86
		{C7BCDC87-7BA7-4A21-AFCB-522E415DE07E}.Release|x64.ActiveCfg = Release|Any CPU
		{C7BCDC87-7BA7-4A21-AFCB-522E415DE07E}.Release|x64.Build.0 = Release|Any CPU
		{C7BCDC87-7BA7-4A21-AFCB-522E415DE07E}.Release|x86.ActiveCfg = Release|x86
		{C7BCDC87-7BA7-4A21-AFCB-522E415DE07E}.Release|x86.Build.0 = Release|x86
	EndGlobalSection
	GlobalSection(SolutionProperties) = preSolution
		HideSolutionNode = FALSE
	EndGlobalSection
	GlobalSection(NestedProjects) = preSolution
		{9C1AA910-798A-4571-9266-7280A677FE9F} = {7EFB4313-FCC0-4109-80EC-4AA017CC5D11}
		{842B003E-6EEB-429D-A3A1-53B4E642E83B} = {5206FD39-47A5-4E69-AA4F-94275A1A4791}
		{BD834B99-2AEE-4160-BC38-1821695D4174} = {5206FD39-47A5-4E69-AA4F-94275A1A4791}
		{274DA71A-6CD4-4E11-B3E9-1B39767039D5} = {5206FD39-47A5-4E69-AA4F-94275A1A4791}
		{7EFB4313-FCC0-4109-80EC-4AA017CC5D11} = {C9E3D652-543C-4AF8-9395-983C0D9CFCCC}
		{B804D76C-E02E-4320-94A7-579034644AA0} = {06417FC0-CC28-4E03-8F61-02A55304F28B}
		{8C4F5833-C8B3-4A60-B401-7C4A3346BF59} = {06417FC0-CC28-4E03-8F61-02A55304F28B}
		{22C51D9C-CFD8-434C-85A0-8908C3046855} = {C9E3D652-543C-4AF8-9395-983C0D9CFCCC}
		{FB4C6F4D-32B1-4B0B-BA79-FD47FC4D7912} = {22C51D9C-CFD8-434C-85A0-8908C3046855}
		{AA8CD2FB-D463-42BD-A880-9247C93F9395} = {22C51D9C-CFD8-434C-85A0-8908C3046855}
		{D9493479-1751-402B-880F-60ED33EBB885} = {7EFB4313-FCC0-4109-80EC-4AA017CC5D11}
		{B5F53A65-1B67-4CA1-9AB0-A81799C0C215} = {CEE34323-B85C-4F7C-AB73-17FE47C6B5DF}
		{EF5D7227-BA6F-4DF7-A3B6-CD547C443AAB} = {CEE34323-B85C-4F7C-AB73-17FE47C6B5DF}
		{E957A43B-A602-4629-AB83-3EEC0EF95C6B} = {C9E3D652-543C-4AF8-9395-983C0D9CFCCC}
		{3E4A828D-819B-40D2-89B3-47D5B52F67FB} = {E957A43B-A602-4629-AB83-3EEC0EF95C6B}
		{AEA98584-CCBF-4598-8457-6F5AE177B549} = {E957A43B-A602-4629-AB83-3EEC0EF95C6B}
		{E72548F1-13AF-4888-8A5E-3D58B1B456AE} = {988570F5-42B1-4F90-99F8-C9B34E8F3158}
		{7BDC9ED7-1830-47D9-AF55-AB50C584E526} = {988570F5-42B1-4F90-99F8-C9B34E8F3158}
		{FD38EF3A-8510-488C-9197-54CCEE70C1B5} = {C9E3D652-543C-4AF8-9395-983C0D9CFCCC}
		{041C6D48-A573-415C-86C7-8E1B6033A305} = {FD38EF3A-8510-488C-9197-54CCEE70C1B5}
		{83571A48-14E9-4CB2-8D7E-C12DEEB967B7} = {FD38EF3A-8510-488C-9197-54CCEE70C1B5}
		{C5AAFC8F-3228-4BE2-8479-7999737D1704} = {C9E3D652-543C-4AF8-9395-983C0D9CFCCC}
		{790F1966-EB34-4CF2-8ED3-3E6C96CBA397} = {C5AAFC8F-3228-4BE2-8479-7999737D1704}
		{32084377-A9A4-4074-997A-15354DA10246} = {C5AAFC8F-3228-4BE2-8479-7999737D1704}
		{45EDF961-0AF5-45B4-BD74-B02985D15103} = {C9E3D652-543C-4AF8-9395-983C0D9CFCCC}
		{A74D041E-639F-4C53-A0C4-F8F936A980C8} = {45EDF961-0AF5-45B4-BD74-B02985D15103}
		{6ECE0E83-D309-4A6D-9CB9-9A0B21DE52E3} = {45EDF961-0AF5-45B4-BD74-B02985D15103}
		{010F4F95-3623-45E1-85A6-67958A1256DB} = {BAB4E69D-7A68-4E7A-89B6-C6C24A15F2E6}
		{FF0BB781-E398-4E13-8182-83450082A818} = {5206FD39-47A5-4E69-AA4F-94275A1A4791}
		{C34911A5-2B0D-44DB-98C4-97599B7C69F6} = {5206FD39-47A5-4E69-AA4F-94275A1A4791}
		{FB77B355-799E-4EF6-A8FE-B68314FEDC43} = {1EAE896D-0C01-4AEC-A1FD-DD085A357A21}
		{EFEB3D04-77D7-4902-B65A-675F03F4BBCA} = {1EAE896D-0C01-4AEC-A1FD-DD085A357A21}
		{DFBBC9E6-1429-42AF-8666-7688F12C71FC} = {C9E3D652-543C-4AF8-9395-983C0D9CFCCC}
		{8764F2D9-8591-4BDD-A1FE-37F534402A7F} = {DFBBC9E6-1429-42AF-8666-7688F12C71FC}
		{61A55C23-FB58-4C37-9FEB-8780FADA2538} = {DFBBC9E6-1429-42AF-8666-7688F12C71FC}
		{C7BCDC87-7BA7-4A21-AFCB-522E415DE07E} = {5206FD39-47A5-4E69-AA4F-94275A1A4791}
	EndGlobalSection
	GlobalSection(ExtensibilityGlobals) = postSolution
		SolutionGuid = {75502EC2-01DB-49D6-B896-7A5DDE267F6A}
	EndGlobalSection
EndGlobal
