
Microsoft Visual Studio Solution File, Format Version 12.00
# Visual Studio Version 16
VisualStudioVersion = 16.0.29806.167
MinimumVisualStudioVersion = 10.0.40219.1
Project("{2150E333-8FDC-42A3-9474-1A3956D46DE8}") = "Solution Items", "Solution Items", "{11EC701A-8732-4231-B3C6-543D226959D5}"
	ProjectSection(SolutionItems) = preProject
		.editorconfig = .editorconfig
		README.md = README.md
	EndProjectSection
EndProject
Project("{FAE04EC0-301F-11D3-BF4B-00C04F79EFBC}") = "Google.Solutions.IapTunneling.Test", "Google.Solutions.IapTunneling.Test\Google.Solutions.IapTunneling.Test.csproj", "{9C1AA910-798A-4571-9266-7280A677FE9F}"
EndProject
Project("{FAE04EC0-301F-11D3-BF4B-00C04F79EFBC}") = "Google.Solutions.IapDesktop.Application", "Google.Solutions.IapDesktop.Application\Google.Solutions.IapDesktop.Application.csproj", "{842B003E-6EEB-429D-A3A1-53B4E642E83B}"
EndProject
Project("{FAE04EC0-301F-11D3-BF4B-00C04F79EFBC}") = "Google.Solutions.IapDesktop.Application.Test", "Google.Solutions.IapDesktop.Application.Test\Google.Solutions.IapDesktop.Application.Test.csproj", "{BD834B99-2AEE-4160-BC38-1821695D4174}"
EndProject
Project("{FAE04EC0-301F-11D3-BF4B-00C04F79EFBC}") = "Google.Solutions.IapDesktop", "Google.Solutions.IapDesktop\Google.Solutions.IapDesktop.csproj", "{274DA71A-6CD4-4E11-B3E9-1B39767039D5}"
EndProject
Project("{2150E333-8FDC-42A3-9474-1A3956D46DE8}") = "Base.IapTunneling", "Base.IapTunneling", "{7EFB4313-FCC0-4109-80EC-4AA017CC5D11}"
EndProject
Project("{2150E333-8FDC-42A3-9474-1A3956D46DE8}") = "IapDesktop", "IapDesktop", "{5206FD39-47A5-4E69-AA4F-94275A1A4791}"
EndProject
Project("{2150E333-8FDC-42A3-9474-1A3956D46DE8}") = "IapDesktop.Extensions.Activity", "IapDesktop.Extensions.Activity", "{06417FC0-CC28-4E03-8F61-02A55304F28B}"
EndProject
Project("{FAE04EC0-301F-11D3-BF4B-00C04F79EFBC}") = "Google.Solutions.IapDesktop.Extensions.Activity", "Google.Solutions.IapDesktop.Extensions.Activity\Google.Solutions.IapDesktop.Extensions.Activity.csproj", "{B804D76C-E02E-4320-94A7-579034644AA0}"
EndProject
Project("{FAE04EC0-301F-11D3-BF4B-00C04F79EFBC}") = "Google.Solutions.IapDesktop.Extensions.Activity.Test", "Google.Solutions.IapDesktop.Extensions.Activity.Test\Google.Solutions.IapDesktop.Extensions.Activity.Test.csproj", "{8C4F5833-C8B3-4A60-B401-7C4A3346BF59}"
EndProject
Project("{2150E333-8FDC-42A3-9474-1A3956D46DE8}") = "Installer", "Installer", "{78166023-068C-4F6B-B0AF-D9FB2D8FAB56}"
	ProjectSection(SolutionItems) = preProject
		build-installer.ps1 = build-installer.ps1
		build.ps1 = build.ps1
		clean.ps1 = clean.ps1
		installer\Product.wxs = installer\Product.wxs
	EndProjectSection
EndProject
Project("{2150E333-8FDC-42A3-9474-1A3956D46DE8}") = "Base.Common", "Base.Common", "{22C51D9C-CFD8-434C-85A0-8908C3046855}"
EndProject
Project("{FAE04EC0-301F-11D3-BF4B-00C04F79EFBC}") = "Google.Solutions.Common", "Google.Solutions.Common\Google.Solutions.Common.csproj", "{FB4C6F4D-32B1-4B0B-BA79-FD47FC4D7912}"
EndProject
Project("{FAE04EC0-301F-11D3-BF4B-00C04F79EFBC}") = "Google.Solutions.Common.Test", "Google.Solutions.Common.Test\Google.Solutions.Common.Test.csproj", "{AA8CD2FB-D463-42BD-A880-9247C93F9395}"
EndProject
Project("{FAE04EC0-301F-11D3-BF4B-00C04F79EFBC}") = "Google.Solutions.IapTunneling", "Google.Solutions.IapTunneling\Google.Solutions.IapTunneling.csproj", "{D9493479-1751-402B-880F-60ED33EBB885}"
EndProject
Project("{2150E333-8FDC-42A3-9474-1A3956D46DE8}") = "IapDesktop.Extensions.Os", "IapDesktop.Extensions.Os", "{32A110AB-A2D9-4DD3-BF10-B24168390CD0}"
EndProject
Project("{FAE04EC0-301F-11D3-BF4B-00C04F79EFBC}") = "Google.Solutions.IapDesktop.Extensions.Os", "Google.Solutions.IapDesktop.Extensions.Os\Google.Solutions.IapDesktop.Extensions.Os.csproj", "{387693FF-20D9-4F26-92C4-9B6F630767AC}"
EndProject
Project("{FAE04EC0-301F-11D3-BF4B-00C04F79EFBC}") = "Google.Solutions.IapDesktop.Extensions.Os.Test", "Google.Solutions.IapDesktop.Extensions.Os.Test\Google.Solutions.IapDesktop.Extensions.Os.Test.csproj", "{2A1A5D4D-AE63-439E-A914-6F5FE5EB9435}"
EndProject
Project("{2150E333-8FDC-42A3-9474-1A3956D46DE8}") = "IapDesktop.Extensions.Rdp", "IapDesktop.Extensions.Rdp", "{CEE34323-B85C-4F7C-AB73-17FE47C6B5DF}"
EndProject
Project("{FAE04EC0-301F-11D3-BF4B-00C04F79EFBC}") = "Google.Solutions.IapDesktop.Extensions.Rdp", "Google.Solutions.IapDesktop.Extensions.Rdp\Google.Solutions.IapDesktop.Extensions.Rdp.csproj", "{B5F53A65-1B67-4CA1-9AB0-A81799C0C215}"
EndProject
Project("{FAE04EC0-301F-11D3-BF4B-00C04F79EFBC}") = "Google.Solutions.IapDesktop.Extensions.Rdp.Test", "Google.Solutions.IapDesktop.Extensions.Rdp.Test\Google.Solutions.IapDesktop.Extensions.Rdp.Test.csproj", "{EF5D7227-BA6F-4DF7-A3B6-CD547C443AAB}"
EndProject
Project("{2150E333-8FDC-42A3-9474-1A3956D46DE8}") = "Base.Ssh", "Base.Ssh", "{E957A43B-A602-4629-AB83-3EEC0EF95C6B}"
EndProject
Project("{FAE04EC0-301F-11D3-BF4B-00C04F79EFBC}") = "Google.Solutions.Ssh", "Google.Solutions.Ssh\Google.Solutions.Ssh.csproj", "{3E4A828D-819B-40D2-89B3-47D5B52F67FB}"
EndProject
Project("{FAE04EC0-301F-11D3-BF4B-00C04F79EFBC}") = "Google.Solutions.Ssh.Test", "Google.Solutions.Ssh.Test\Google.Solutions.Ssh.Test.csproj", "{AEA98584-CCBF-4598-8457-6F5AE177B549}"
EndProject
Global
	GlobalSection(SolutionConfigurationPlatforms) = preSolution
		Debug (OAuth)|Any CPU = Debug (OAuth)|Any CPU
		Debug (OAuth)|x86 = Debug (OAuth)|x86
		Debug|Any CPU = Debug|Any CPU
		Debug|x86 = Debug|x86
		Release|Any CPU = Release|Any CPU
		Release|x86 = Release|x86
	EndGlobalSection
	GlobalSection(ProjectConfigurationPlatforms) = postSolution
		{9C1AA910-798A-4571-9266-7280A677FE9F}.Debug (OAuth)|Any CPU.ActiveCfg = Debug (OAuth)|Any CPU
		{9C1AA910-798A-4571-9266-7280A677FE9F}.Debug (OAuth)|Any CPU.Build.0 = Debug (OAuth)|Any CPU
		{9C1AA910-798A-4571-9266-7280A677FE9F}.Debug (OAuth)|x86.ActiveCfg = Debug (OAuth)|Any CPU
		{9C1AA910-798A-4571-9266-7280A677FE9F}.Debug (OAuth)|x86.Build.0 = Debug (OAuth)|Any CPU
		{9C1AA910-798A-4571-9266-7280A677FE9F}.Debug|Any CPU.ActiveCfg = Debug|Any CPU
		{9C1AA910-798A-4571-9266-7280A677FE9F}.Debug|Any CPU.Build.0 = Debug|Any CPU
		{9C1AA910-798A-4571-9266-7280A677FE9F}.Debug|x86.ActiveCfg = Debug|Any CPU
		{9C1AA910-798A-4571-9266-7280A677FE9F}.Debug|x86.Build.0 = Debug|Any CPU
		{9C1AA910-798A-4571-9266-7280A677FE9F}.Release|Any CPU.ActiveCfg = Release|Any CPU
		{9C1AA910-798A-4571-9266-7280A677FE9F}.Release|Any CPU.Build.0 = Release|Any CPU
		{9C1AA910-798A-4571-9266-7280A677FE9F}.Release|x86.ActiveCfg = Release|Any CPU
		{9C1AA910-798A-4571-9266-7280A677FE9F}.Release|x86.Build.0 = Release|Any CPU
		{842B003E-6EEB-429D-A3A1-53B4E642E83B}.Debug (OAuth)|Any CPU.ActiveCfg = Debug|Any CPU
		{842B003E-6EEB-429D-A3A1-53B4E642E83B}.Debug (OAuth)|Any CPU.Build.0 = Debug|Any CPU
		{842B003E-6EEB-429D-A3A1-53B4E642E83B}.Debug (OAuth)|x86.ActiveCfg = Debug|Any CPU
		{842B003E-6EEB-429D-A3A1-53B4E642E83B}.Debug (OAuth)|x86.Build.0 = Debug|Any CPU
		{842B003E-6EEB-429D-A3A1-53B4E642E83B}.Debug|Any CPU.ActiveCfg = Debug|Any CPU
		{842B003E-6EEB-429D-A3A1-53B4E642E83B}.Debug|Any CPU.Build.0 = Debug|Any CPU
		{842B003E-6EEB-429D-A3A1-53B4E642E83B}.Debug|x86.ActiveCfg = Debug|Any CPU
		{842B003E-6EEB-429D-A3A1-53B4E642E83B}.Debug|x86.Build.0 = Debug|Any CPU
		{842B003E-6EEB-429D-A3A1-53B4E642E83B}.Release|Any CPU.ActiveCfg = Release|Any CPU
		{842B003E-6EEB-429D-A3A1-53B4E642E83B}.Release|Any CPU.Build.0 = Release|Any CPU
		{842B003E-6EEB-429D-A3A1-53B4E642E83B}.Release|x86.ActiveCfg = Release|Any CPU
		{842B003E-6EEB-429D-A3A1-53B4E642E83B}.Release|x86.Build.0 = Release|Any CPU
		{BD834B99-2AEE-4160-BC38-1821695D4174}.Debug (OAuth)|Any CPU.ActiveCfg = Debug|Any CPU
		{BD834B99-2AEE-4160-BC38-1821695D4174}.Debug (OAuth)|Any CPU.Build.0 = Debug|Any CPU
		{BD834B99-2AEE-4160-BC38-1821695D4174}.Debug (OAuth)|x86.ActiveCfg = Debug|Any CPU
		{BD834B99-2AEE-4160-BC38-1821695D4174}.Debug (OAuth)|x86.Build.0 = Debug|Any CPU
		{BD834B99-2AEE-4160-BC38-1821695D4174}.Debug|Any CPU.ActiveCfg = Debug|Any CPU
		{BD834B99-2AEE-4160-BC38-1821695D4174}.Debug|Any CPU.Build.0 = Debug|Any CPU
		{BD834B99-2AEE-4160-BC38-1821695D4174}.Debug|x86.ActiveCfg = Debug|Any CPU
		{BD834B99-2AEE-4160-BC38-1821695D4174}.Debug|x86.Build.0 = Debug|Any CPU
		{BD834B99-2AEE-4160-BC38-1821695D4174}.Release|Any CPU.ActiveCfg = Release|Any CPU
		{BD834B99-2AEE-4160-BC38-1821695D4174}.Release|Any CPU.Build.0 = Release|Any CPU
		{BD834B99-2AEE-4160-BC38-1821695D4174}.Release|x86.ActiveCfg = Release|Any CPU
		{BD834B99-2AEE-4160-BC38-1821695D4174}.Release|x86.Build.0 = Release|Any CPU
		{274DA71A-6CD4-4E11-B3E9-1B39767039D5}.Debug (OAuth)|Any CPU.ActiveCfg = Debug|Any CPU
		{274DA71A-6CD4-4E11-B3E9-1B39767039D5}.Debug (OAuth)|Any CPU.Build.0 = Debug|Any CPU
		{274DA71A-6CD4-4E11-B3E9-1B39767039D5}.Debug (OAuth)|x86.ActiveCfg = Debug|Any CPU
		{274DA71A-6CD4-4E11-B3E9-1B39767039D5}.Debug (OAuth)|x86.Build.0 = Debug|Any CPU
		{274DA71A-6CD4-4E11-B3E9-1B39767039D5}.Debug|Any CPU.ActiveCfg = Debug|Any CPU
		{274DA71A-6CD4-4E11-B3E9-1B39767039D5}.Debug|Any CPU.Build.0 = Debug|Any CPU
		{274DA71A-6CD4-4E11-B3E9-1B39767039D5}.Debug|x86.ActiveCfg = Debug|Any CPU
		{274DA71A-6CD4-4E11-B3E9-1B39767039D5}.Debug|x86.Build.0 = Debug|Any CPU
		{274DA71A-6CD4-4E11-B3E9-1B39767039D5}.Release|Any CPU.ActiveCfg = Release|Any CPU
		{274DA71A-6CD4-4E11-B3E9-1B39767039D5}.Release|Any CPU.Build.0 = Release|Any CPU
		{274DA71A-6CD4-4E11-B3E9-1B39767039D5}.Release|x86.ActiveCfg = Release|Any CPU
		{274DA71A-6CD4-4E11-B3E9-1B39767039D5}.Release|x86.Build.0 = Release|Any CPU
		{B804D76C-E02E-4320-94A7-579034644AA0}.Debug (OAuth)|Any CPU.ActiveCfg = Debug|Any CPU
		{B804D76C-E02E-4320-94A7-579034644AA0}.Debug (OAuth)|Any CPU.Build.0 = Debug|Any CPU
		{B804D76C-E02E-4320-94A7-579034644AA0}.Debug (OAuth)|x86.ActiveCfg = Debug|Any CPU
		{B804D76C-E02E-4320-94A7-579034644AA0}.Debug (OAuth)|x86.Build.0 = Debug|Any CPU
		{B804D76C-E02E-4320-94A7-579034644AA0}.Debug|Any CPU.ActiveCfg = Debug|Any CPU
		{B804D76C-E02E-4320-94A7-579034644AA0}.Debug|Any CPU.Build.0 = Debug|Any CPU
		{B804D76C-E02E-4320-94A7-579034644AA0}.Debug|x86.ActiveCfg = Debug|Any CPU
		{B804D76C-E02E-4320-94A7-579034644AA0}.Debug|x86.Build.0 = Debug|Any CPU
		{B804D76C-E02E-4320-94A7-579034644AA0}.Release|Any CPU.ActiveCfg = Release|Any CPU
		{B804D76C-E02E-4320-94A7-579034644AA0}.Release|Any CPU.Build.0 = Release|Any CPU
		{B804D76C-E02E-4320-94A7-579034644AA0}.Release|x86.ActiveCfg = Release|Any CPU
		{B804D76C-E02E-4320-94A7-579034644AA0}.Release|x86.Build.0 = Release|Any CPU
		{8C4F5833-C8B3-4A60-B401-7C4A3346BF59}.Debug (OAuth)|Any CPU.ActiveCfg = Debug|Any CPU
		{8C4F5833-C8B3-4A60-B401-7C4A3346BF59}.Debug (OAuth)|Any CPU.Build.0 = Debug|Any CPU
		{8C4F5833-C8B3-4A60-B401-7C4A3346BF59}.Debug (OAuth)|x86.ActiveCfg = Debug|Any CPU
		{8C4F5833-C8B3-4A60-B401-7C4A3346BF59}.Debug (OAuth)|x86.Build.0 = Debug|Any CPU
		{8C4F5833-C8B3-4A60-B401-7C4A3346BF59}.Debug|Any CPU.ActiveCfg = Debug|Any CPU
		{8C4F5833-C8B3-4A60-B401-7C4A3346BF59}.Debug|Any CPU.Build.0 = Debug|Any CPU
		{8C4F5833-C8B3-4A60-B401-7C4A3346BF59}.Debug|x86.ActiveCfg = Debug|Any CPU
		{8C4F5833-C8B3-4A60-B401-7C4A3346BF59}.Debug|x86.Build.0 = Debug|Any CPU
		{8C4F5833-C8B3-4A60-B401-7C4A3346BF59}.Release|Any CPU.ActiveCfg = Release|Any CPU
		{8C4F5833-C8B3-4A60-B401-7C4A3346BF59}.Release|Any CPU.Build.0 = Release|Any CPU
		{8C4F5833-C8B3-4A60-B401-7C4A3346BF59}.Release|x86.ActiveCfg = Release|Any CPU
		{8C4F5833-C8B3-4A60-B401-7C4A3346BF59}.Release|x86.Build.0 = Release|Any CPU
		{FB4C6F4D-32B1-4B0B-BA79-FD47FC4D7912}.Debug (OAuth)|Any CPU.ActiveCfg = Debug|Any CPU
		{FB4C6F4D-32B1-4B0B-BA79-FD47FC4D7912}.Debug (OAuth)|Any CPU.Build.0 = Debug|Any CPU
		{FB4C6F4D-32B1-4B0B-BA79-FD47FC4D7912}.Debug (OAuth)|x86.ActiveCfg = Debug|Any CPU
		{FB4C6F4D-32B1-4B0B-BA79-FD47FC4D7912}.Debug (OAuth)|x86.Build.0 = Debug|Any CPU
		{FB4C6F4D-32B1-4B0B-BA79-FD47FC4D7912}.Debug|Any CPU.ActiveCfg = Debug|Any CPU
		{FB4C6F4D-32B1-4B0B-BA79-FD47FC4D7912}.Debug|Any CPU.Build.0 = Debug|Any CPU
		{FB4C6F4D-32B1-4B0B-BA79-FD47FC4D7912}.Debug|x86.ActiveCfg = Debug|Any CPU
		{FB4C6F4D-32B1-4B0B-BA79-FD47FC4D7912}.Debug|x86.Build.0 = Debug|Any CPU
		{FB4C6F4D-32B1-4B0B-BA79-FD47FC4D7912}.Release|Any CPU.ActiveCfg = Release|Any CPU
		{FB4C6F4D-32B1-4B0B-BA79-FD47FC4D7912}.Release|Any CPU.Build.0 = Release|Any CPU
		{FB4C6F4D-32B1-4B0B-BA79-FD47FC4D7912}.Release|x86.ActiveCfg = Release|Any CPU
		{FB4C6F4D-32B1-4B0B-BA79-FD47FC4D7912}.Release|x86.Build.0 = Release|Any CPU
		{AA8CD2FB-D463-42BD-A880-9247C93F9395}.Debug (OAuth)|Any CPU.ActiveCfg = Debug|Any CPU
		{AA8CD2FB-D463-42BD-A880-9247C93F9395}.Debug (OAuth)|Any CPU.Build.0 = Debug|Any CPU
		{AA8CD2FB-D463-42BD-A880-9247C93F9395}.Debug (OAuth)|x86.ActiveCfg = Debug|Any CPU
		{AA8CD2FB-D463-42BD-A880-9247C93F9395}.Debug (OAuth)|x86.Build.0 = Debug|Any CPU
		{AA8CD2FB-D463-42BD-A880-9247C93F9395}.Debug|Any CPU.ActiveCfg = Debug|Any CPU
		{AA8CD2FB-D463-42BD-A880-9247C93F9395}.Debug|Any CPU.Build.0 = Debug|Any CPU
		{AA8CD2FB-D463-42BD-A880-9247C93F9395}.Debug|x86.ActiveCfg = Debug|Any CPU
		{AA8CD2FB-D463-42BD-A880-9247C93F9395}.Debug|x86.Build.0 = Debug|Any CPU
		{AA8CD2FB-D463-42BD-A880-9247C93F9395}.Release|Any CPU.ActiveCfg = Release|Any CPU
		{AA8CD2FB-D463-42BD-A880-9247C93F9395}.Release|Any CPU.Build.0 = Release|Any CPU
		{AA8CD2FB-D463-42BD-A880-9247C93F9395}.Release|x86.ActiveCfg = Release|Any CPU
		{AA8CD2FB-D463-42BD-A880-9247C93F9395}.Release|x86.Build.0 = Release|Any CPU
		{D9493479-1751-402B-880F-60ED33EBB885}.Debug (OAuth)|Any CPU.ActiveCfg = Debug (OAuth)|Any CPU
		{D9493479-1751-402B-880F-60ED33EBB885}.Debug (OAuth)|Any CPU.Build.0 = Debug (OAuth)|Any CPU
		{D9493479-1751-402B-880F-60ED33EBB885}.Debug (OAuth)|x86.ActiveCfg = Debug (OAuth)|Any CPU
		{D9493479-1751-402B-880F-60ED33EBB885}.Debug (OAuth)|x86.Build.0 = Debug (OAuth)|Any CPU
		{D9493479-1751-402B-880F-60ED33EBB885}.Debug|Any CPU.ActiveCfg = Debug|Any CPU
		{D9493479-1751-402B-880F-60ED33EBB885}.Debug|Any CPU.Build.0 = Debug|Any CPU
		{D9493479-1751-402B-880F-60ED33EBB885}.Debug|x86.ActiveCfg = Debug|Any CPU
		{D9493479-1751-402B-880F-60ED33EBB885}.Debug|x86.Build.0 = Debug|Any CPU
		{D9493479-1751-402B-880F-60ED33EBB885}.Release|Any CPU.ActiveCfg = Release|Any CPU
		{D9493479-1751-402B-880F-60ED33EBB885}.Release|Any CPU.Build.0 = Release|Any CPU
		{D9493479-1751-402B-880F-60ED33EBB885}.Release|x86.ActiveCfg = Release|Any CPU
		{D9493479-1751-402B-880F-60ED33EBB885}.Release|x86.Build.0 = Release|Any CPU
		{387693FF-20D9-4F26-92C4-9B6F630767AC}.Debug (OAuth)|Any CPU.ActiveCfg = Debug|Any CPU
		{387693FF-20D9-4F26-92C4-9B6F630767AC}.Debug (OAuth)|Any CPU.Build.0 = Debug|Any CPU
		{387693FF-20D9-4F26-92C4-9B6F630767AC}.Debug (OAuth)|x86.ActiveCfg = Debug|Any CPU
		{387693FF-20D9-4F26-92C4-9B6F630767AC}.Debug (OAuth)|x86.Build.0 = Debug|Any CPU
		{387693FF-20D9-4F26-92C4-9B6F630767AC}.Debug|Any CPU.ActiveCfg = Debug|Any CPU
		{387693FF-20D9-4F26-92C4-9B6F630767AC}.Debug|Any CPU.Build.0 = Debug|Any CPU
		{387693FF-20D9-4F26-92C4-9B6F630767AC}.Debug|x86.ActiveCfg = Debug|Any CPU
		{387693FF-20D9-4F26-92C4-9B6F630767AC}.Debug|x86.Build.0 = Debug|Any CPU
		{387693FF-20D9-4F26-92C4-9B6F630767AC}.Release|Any CPU.ActiveCfg = Release|Any CPU
		{387693FF-20D9-4F26-92C4-9B6F630767AC}.Release|Any CPU.Build.0 = Release|Any CPU
		{387693FF-20D9-4F26-92C4-9B6F630767AC}.Release|x86.ActiveCfg = Release|Any CPU
		{387693FF-20D9-4F26-92C4-9B6F630767AC}.Release|x86.Build.0 = Release|Any CPU
		{2A1A5D4D-AE63-439E-A914-6F5FE5EB9435}.Debug (OAuth)|Any CPU.ActiveCfg = Debug|Any CPU
		{2A1A5D4D-AE63-439E-A914-6F5FE5EB9435}.Debug (OAuth)|Any CPU.Build.0 = Debug|Any CPU
		{2A1A5D4D-AE63-439E-A914-6F5FE5EB9435}.Debug (OAuth)|x86.ActiveCfg = Debug|Any CPU
		{2A1A5D4D-AE63-439E-A914-6F5FE5EB9435}.Debug (OAuth)|x86.Build.0 = Debug|Any CPU
		{2A1A5D4D-AE63-439E-A914-6F5FE5EB9435}.Debug|Any CPU.ActiveCfg = Debug|Any CPU
		{2A1A5D4D-AE63-439E-A914-6F5FE5EB9435}.Debug|Any CPU.Build.0 = Debug|Any CPU
		{2A1A5D4D-AE63-439E-A914-6F5FE5EB9435}.Debug|x86.ActiveCfg = Debug|Any CPU
		{2A1A5D4D-AE63-439E-A914-6F5FE5EB9435}.Debug|x86.Build.0 = Debug|Any CPU
		{2A1A5D4D-AE63-439E-A914-6F5FE5EB9435}.Release|Any CPU.ActiveCfg = Release|Any CPU
		{2A1A5D4D-AE63-439E-A914-6F5FE5EB9435}.Release|Any CPU.Build.0 = Release|Any CPU
		{2A1A5D4D-AE63-439E-A914-6F5FE5EB9435}.Release|x86.ActiveCfg = Release|Any CPU
		{2A1A5D4D-AE63-439E-A914-6F5FE5EB9435}.Release|x86.Build.0 = Release|Any CPU
		{B5F53A65-1B67-4CA1-9AB0-A81799C0C215}.Debug (OAuth)|Any CPU.ActiveCfg = Debug|Any CPU
		{B5F53A65-1B67-4CA1-9AB0-A81799C0C215}.Debug (OAuth)|Any CPU.Build.0 = Debug|Any CPU
		{B5F53A65-1B67-4CA1-9AB0-A81799C0C215}.Debug (OAuth)|x86.ActiveCfg = Debug|Any CPU
		{B5F53A65-1B67-4CA1-9AB0-A81799C0C215}.Debug (OAuth)|x86.Build.0 = Debug|Any CPU
		{B5F53A65-1B67-4CA1-9AB0-A81799C0C215}.Debug|Any CPU.ActiveCfg = Debug|Any CPU
		{B5F53A65-1B67-4CA1-9AB0-A81799C0C215}.Debug|Any CPU.Build.0 = Debug|Any CPU
		{B5F53A65-1B67-4CA1-9AB0-A81799C0C215}.Debug|x86.ActiveCfg = Debug|Any CPU
		{B5F53A65-1B67-4CA1-9AB0-A81799C0C215}.Debug|x86.Build.0 = Debug|Any CPU
		{B5F53A65-1B67-4CA1-9AB0-A81799C0C215}.Release|Any CPU.ActiveCfg = Release|Any CPU
		{B5F53A65-1B67-4CA1-9AB0-A81799C0C215}.Release|Any CPU.Build.0 = Release|Any CPU
		{B5F53A65-1B67-4CA1-9AB0-A81799C0C215}.Release|x86.ActiveCfg = Release|Any CPU
		{B5F53A65-1B67-4CA1-9AB0-A81799C0C215}.Release|x86.Build.0 = Release|Any CPU
		{EF5D7227-BA6F-4DF7-A3B6-CD547C443AAB}.Debug (OAuth)|Any CPU.ActiveCfg = Debug|Any CPU
		{EF5D7227-BA6F-4DF7-A3B6-CD547C443AAB}.Debug (OAuth)|Any CPU.Build.0 = Debug|Any CPU
		{EF5D7227-BA6F-4DF7-A3B6-CD547C443AAB}.Debug (OAuth)|x86.ActiveCfg = Debug|Any CPU
		{EF5D7227-BA6F-4DF7-A3B6-CD547C443AAB}.Debug (OAuth)|x86.Build.0 = Debug|Any CPU
		{EF5D7227-BA6F-4DF7-A3B6-CD547C443AAB}.Debug|Any CPU.ActiveCfg = Debug|Any CPU
		{EF5D7227-BA6F-4DF7-A3B6-CD547C443AAB}.Debug|Any CPU.Build.0 = Debug|Any CPU
		{EF5D7227-BA6F-4DF7-A3B6-CD547C443AAB}.Debug|x86.ActiveCfg = Debug|Any CPU
		{EF5D7227-BA6F-4DF7-A3B6-CD547C443AAB}.Debug|x86.Build.0 = Debug|Any CPU
		{EF5D7227-BA6F-4DF7-A3B6-CD547C443AAB}.Release|Any CPU.ActiveCfg = Release|Any CPU
		{EF5D7227-BA6F-4DF7-A3B6-CD547C443AAB}.Release|Any CPU.Build.0 = Release|Any CPU
		{EF5D7227-BA6F-4DF7-A3B6-CD547C443AAB}.Release|x86.ActiveCfg = Release|Any CPU
		{EF5D7227-BA6F-4DF7-A3B6-CD547C443AAB}.Release|x86.Build.0 = Release|Any CPU
		{3E4A828D-819B-40D2-89B3-47D5B52F67FB}.Debug (OAuth)|Any CPU.ActiveCfg = Debug|Any CPU
		{3E4A828D-819B-40D2-89B3-47D5B52F67FB}.Debug (OAuth)|Any CPU.Build.0 = Debug|Any CPU
		{3E4A828D-819B-40D2-89B3-47D5B52F67FB}.Debug (OAuth)|x86.ActiveCfg = Debug|Any CPU
		{3E4A828D-819B-40D2-89B3-47D5B52F67FB}.Debug (OAuth)|x86.Build.0 = Debug|Any CPU
		{3E4A828D-819B-40D2-89B3-47D5B52F67FB}.Debug|Any CPU.ActiveCfg = Debug|Any CPU
		{3E4A828D-819B-40D2-89B3-47D5B52F67FB}.Debug|Any CPU.Build.0 = Debug|Any CPU
		{3E4A828D-819B-40D2-89B3-47D5B52F67FB}.Debug|x86.ActiveCfg = Debug|Any CPU
		{3E4A828D-819B-40D2-89B3-47D5B52F67FB}.Debug|x86.Build.0 = Debug|Any CPU
		{3E4A828D-819B-40D2-89B3-47D5B52F67FB}.Release|Any CPU.ActiveCfg = Release|Any CPU
		{3E4A828D-819B-40D2-89B3-47D5B52F67FB}.Release|Any CPU.Build.0 = Release|Any CPU
		{3E4A828D-819B-40D2-89B3-47D5B52F67FB}.Release|x86.ActiveCfg = Release|Any CPU
		{3E4A828D-819B-40D2-89B3-47D5B52F67FB}.Release|x86.Build.0 = Release|Any CPU
		{AEA98584-CCBF-4598-8457-6F5AE177B549}.Debug (OAuth)|Any CPU.ActiveCfg = Debug|Any CPU
		{AEA98584-CCBF-4598-8457-6F5AE177B549}.Debug (OAuth)|Any CPU.Build.0 = Debug|Any CPU
		{AEA98584-CCBF-4598-8457-6F5AE177B549}.Debug (OAuth)|x86.ActiveCfg = Debug|Any CPU
		{AEA98584-CCBF-4598-8457-6F5AE177B549}.Debug (OAuth)|x86.Build.0 = Debug|Any CPU
		{AEA98584-CCBF-4598-8457-6F5AE177B549}.Debug|Any CPU.ActiveCfg = Debug|Any CPU
		{AEA98584-CCBF-4598-8457-6F5AE177B549}.Debug|Any CPU.Build.0 = Debug|Any CPU
		{AEA98584-CCBF-4598-8457-6F5AE177B549}.Debug|x86.ActiveCfg = Debug|Any CPU
		{AEA98584-CCBF-4598-8457-6F5AE177B549}.Debug|x86.Build.0 = Debug|Any CPU
		{AEA98584-CCBF-4598-8457-6F5AE177B549}.Release|Any CPU.ActiveCfg = Release|Any CPU
		{AEA98584-CCBF-4598-8457-6F5AE177B549}.Release|Any CPU.Build.0 = Release|Any CPU
		{AEA98584-CCBF-4598-8457-6F5AE177B549}.Release|x86.ActiveCfg = Release|Any CPU
		{AEA98584-CCBF-4598-8457-6F5AE177B549}.Release|x86.Build.0 = Release|Any CPU
	EndGlobalSection
	GlobalSection(SolutionProperties) = preSolution
		HideSolutionNode = FALSE
	EndGlobalSection
	GlobalSection(NestedProjects) = preSolution
		{9C1AA910-798A-4571-9266-7280A677FE9F} = {7EFB4313-FCC0-4109-80EC-4AA017CC5D11}
		{842B003E-6EEB-429D-A3A1-53B4E642E83B} = {5206FD39-47A5-4E69-AA4F-94275A1A4791}
		{BD834B99-2AEE-4160-BC38-1821695D4174} = {5206FD39-47A5-4E69-AA4F-94275A1A4791}
		{274DA71A-6CD4-4E11-B3E9-1B39767039D5} = {5206FD39-47A5-4E69-AA4F-94275A1A4791}
		{B804D76C-E02E-4320-94A7-579034644AA0} = {06417FC0-CC28-4E03-8F61-02A55304F28B}
		{8C4F5833-C8B3-4A60-B401-7C4A3346BF59} = {06417FC0-CC28-4E03-8F61-02A55304F28B}
		{FB4C6F4D-32B1-4B0B-BA79-FD47FC4D7912} = {22C51D9C-CFD8-434C-85A0-8908C3046855}
		{AA8CD2FB-D463-42BD-A880-9247C93F9395} = {22C51D9C-CFD8-434C-85A0-8908C3046855}
		{D9493479-1751-402B-880F-60ED33EBB885} = {7EFB4313-FCC0-4109-80EC-4AA017CC5D11}
		{387693FF-20D9-4F26-92C4-9B6F630767AC} = {32A110AB-A2D9-4DD3-BF10-B24168390CD0}
		{2A1A5D4D-AE63-439E-A914-6F5FE5EB9435} = {32A110AB-A2D9-4DD3-BF10-B24168390CD0}
		{B5F53A65-1B67-4CA1-9AB0-A81799C0C215} = {CEE34323-B85C-4F7C-AB73-17FE47C6B5DF}
		{EF5D7227-BA6F-4DF7-A3B6-CD547C443AAB} = {CEE34323-B85C-4F7C-AB73-17FE47C6B5DF}
		{3E4A828D-819B-40D2-89B3-47D5B52F67FB} = {E957A43B-A602-4629-AB83-3EEC0EF95C6B}
		{AEA98584-CCBF-4598-8457-6F5AE177B549} = {E957A43B-A602-4629-AB83-3EEC0EF95C6B}
	EndGlobalSection
	GlobalSection(ExtensibilityGlobals) = postSolution
		SolutionGuid = {75502EC2-01DB-49D6-B896-7A5DDE267F6A}
	EndGlobalSection
EndGlobal
